{
  "object": {
    "pins": [
      {
        "package": "async-http-client",
        "repositoryURL": "https://github.com/swift-server/async-http-client.git",
        "state": {
          "branch": null,
          "revision": "70826d038d5bdc3142a386b735792d87ef7a5dfc",
          "version": "1.8.1"
        }
      },
      {
        "package": "jmespath.swift",
        "repositoryURL": "https://github.com/adam-fowler/jmespath.swift.git",
        "state": {
          "branch": null,
          "revision": "4a166ea71f0d9e9cc3523fc3dee516080a4c36a0",
          "version": "1.0.0"
        }
      },
      {
        "package": "liquid-kit",
        "repositoryURL": "https://github.com/binarybirds/liquid-kit.git",
        "state": {
          "branch": null,
          "revision": "af8c5012920dde5efb4740f9b364f3cbd0509f5d",
          "version": "1.3.1"
        }
      },
      {
        "package": "soto",
        "repositoryURL": "https://github.com/soto-project/soto.git",
        "state": {
          "branch": null,
          "revision": "cd90cff19b892078c17baae08270707e3fc1590c",
          "version": "5.11.0"
        }
      },
      {
        "package": "soto-core",
        "repositoryURL": "https://github.com/soto-project/soto-core.git",
        "state": {
          "branch": null,
          "revision": "988f0d906f5c76cf93c88fa5820f7c72e4b8fd98",
          "version": "5.8.0"
        }
      },
      {
        "package": "swift-log",
        "repositoryURL": "https://github.com/apple/swift-log.git",
        "state": {
          "branch": null,
          "revision": "5d66f7ba25daf4f94100e7022febf3c75e37a6c7",
          "version": "1.4.2"
        }
      },
      {
        "package": "swift-metrics",
        "repositoryURL": "https://github.com/apple/swift-metrics.git",
        "state": {
          "branch": null,
          "revision": "3edd2f57afc4e68e23c3e4956bc8b65ca6b5b2ff",
          "version": "2.2.0"
        }
      },
      {
        "package": "swift-nio",
        "repositoryURL": "https://github.com/apple/swift-nio.git",
        "state": {
          "branch": null,
          "revision": "213eb6887e526e0dfac526a2eae559a1893ebbac",
          "version": "2.36.0"
        }
      },
      {
        "package": "swift-nio-extras",
        "repositoryURL": "https://github.com/apple/swift-nio-extras.git",
        "state": {
          "branch": null,
          "revision": "f73ca5ee9c6806800243f1ac415fcf82de9a4c91",
          "version": "1.10.2"
        }
      },
      {
        "package": "swift-nio-http2",
        "repositoryURL": "https://github.com/apple/swift-nio-http2.git",
        "state": {
          "branch": null,
          "revision": "39ed0e753596afadad920e302ae769b28f3a982b",
          "version": "1.19.0"
        }
      },
      {
        "package": "swift-nio-ssl",
        "repositoryURL": "https://github.com/apple/swift-nio-ssl.git",
        "state": {
          "branch": null,
          "revision": "2b329e37e9dd34fb382655181a680261d58cbbf1",
          "version": "2.17.1"
        }
      },
      {
        "package": "swift-nio-transport-services",
        "repositoryURL": "https://github.com/apple/swift-nio-transport-services.git",
        "state": {
          "branch": null,
          "revision": "e7f5278a26442dc46783ba7e063643d524e414a0",
          "version": "1.11.3"
        }
      }
    ]
  },
  "version": 1
}
